{
  "requires": true,
  "lockfileVersion": 1,
  "dependencies": {
    "darkmode-js": {
      "version": "1.4.0",
      "resolved": "https://registry.npmjs.org/darkmode-js/-/darkmode-js-1.4.0.tgz",
      "integrity": "sha512-j0Dz1QJ0DJn3yrCy/dZGXzIbjMilnGquwQilHyQOlvmN+g5+aBpkikIkh1CWZDi6Vq+ZXmzVa/BI64P9XritWQ=="
    }
  }
}
